// !$*UTF8*$!
{
	archiveVersion = 1;
	classes = {
	};
	objectVersion = 46;
	objects = {

/* Begin PBXBuildFile section */
		F81FE3571E77457200C980D2 /* AppDelegate.swift in Sources */ = {isa = PBXBuildFile; fileRef = F81FE3561E77457200C980D2 /* AppDelegate.swift */; };
		F81FE35E1E77457200C980D2 /* Assets.xcassets in Resources */ = {isa = PBXBuildFile; fileRef = F81FE35D1E77457200C980D2 /* Assets.xcassets */; };
		F81FE3611E77457200C980D2 /* LaunchScreen.storyboard in Resources */ = {isa = PBXBuildFile; fileRef = F81FE35F1E77457200C980D2 /* LaunchScreen.storyboard */; };
		F81FE3691E7748AA00C980D2 /* NautTrackerData.framework in Frameworks */ = {isa = PBXBuildFile; fileRef = F81FE3681E7748AA00C980D2 /* NautTrackerData.framework */; };
		F81FE36A1E7748AA00C980D2 /* NautTrackerData.framework in Embed Frameworks */ = {isa = PBXBuildFile; fileRef = F81FE3681E7748AA00C980D2 /* NautTrackerData.framework */; settings = {ATTRIBUTES = (CodeSignOnCopy, RemoveHeadersOnCopy, ); }; };
		F81FE3701E774A8100C980D2 /* AstronautsListCoordinator.swift in Sources */ = {isa = PBXBuildFile; fileRef = F81FE36F1E774A8100C980D2 /* AstronautsListCoordinator.swift */; };
		F81FE3821E774AE000C980D2 /* AstronautsListCoordinatorTests.swift in Sources */ = {isa = PBXBuildFile; fileRef = F81FE3811E774AE000C980D2 /* AstronautsListCoordinatorTests.swift */; };
		F81FE3841E774C8500C980D2 /* AppDelegateTests.swift in Sources */ = {isa = PBXBuildFile; fileRef = F81FE3831E774C8500C980D2 /* AppDelegateTests.swift */; };
		F81FE3861E77511500C980D2 /* AstronautsInteractor.swift in Sources */ = {isa = PBXBuildFile; fileRef = F81FE3851E77511500C980D2 /* AstronautsInteractor.swift */; };
		F81FE3881E77512400C980D2 /* AstronautsPresenter.swift in Sources */ = {isa = PBXBuildFile; fileRef = F81FE3871E77512400C980D2 /* AstronautsPresenter.swift */; };
		F81FE38A1E7752CF00C980D2 /* AstronautsListViewController.swift in Sources */ = {isa = PBXBuildFile; fileRef = F81FE3891E7752CF00C980D2 /* AstronautsListViewController.swift */; };
		F81FE38C1E77559800C980D2 /* AstronautsViewController.swift in Sources */ = {isa = PBXBuildFile; fileRef = F81FE38B1E77559800C980D2 /* AstronautsViewController.swift */; };
/* End PBXBuildFile section */

/* Begin PBXContainerItemProxy section */
		F81FE37A1E774AAC00C980D2 /* PBXContainerItemProxy */ = {
			isa = PBXContainerItemProxy;
			containerPortal = F81FE34B1E77457200C980D2 /* Project object */;
			proxyType = 1;
			remoteGlobalIDString = F81FE3521E77457200C980D2;
			remoteInfo = NautTrackeriOS;
		};
/* End PBXContainerItemProxy section */

/* Begin PBXCopyFilesBuildPhase section */
		F81FE36B1E7748AA00C980D2 /* Embed Frameworks */ = {
			isa = PBXCopyFilesBuildPhase;
			buildActionMask = 2147483647;
			dstPath = "";
			dstSubfolderSpec = 10;
			files = (
				F81FE36A1E7748AA00C980D2 /* NautTrackerData.framework in Embed Frameworks */,
			);
			name = "Embed Frameworks";
			runOnlyForDeploymentPostprocessing = 0;
		};
/* End PBXCopyFilesBuildPhase section */

/* Begin PBXFileReference section */
		F81FE3531E77457200C980D2 /* NautTrackeriOS.app */ = {isa = PBXFileReference; explicitFileType = wrapper.application; includeInIndex = 0; path = NautTrackeriOS.app; sourceTree = BUILT_PRODUCTS_DIR; };
		F81FE3561E77457200C980D2 /* AppDelegate.swift */ = {isa = PBXFileReference; lastKnownFileType = sourcecode.swift; path = AppDelegate.swift; sourceTree = "<group>"; };
		F81FE35D1E77457200C980D2 /* Assets.xcassets */ = {isa = PBXFileReference; lastKnownFileType = folder.assetcatalog; path = Assets.xcassets; sourceTree = "<group>"; };
		F81FE3601E77457200C980D2 /* Base */ = {isa = PBXFileReference; lastKnownFileType = file.storyboard; name = Base; path = Base.lproj/LaunchScreen.storyboard; sourceTree = "<group>"; };
		F81FE3621E77457200C980D2 /* Info.plist */ = {isa = PBXFileReference; lastKnownFileType = text.plist.xml; path = Info.plist; sourceTree = "<group>"; };
		F81FE3681E7748AA00C980D2 /* NautTrackerData.framework */ = {isa = PBXFileReference; explicitFileType = wrapper.framework; path = NautTrackerData.framework; sourceTree = BUILT_PRODUCTS_DIR; };
		F81FE36F1E774A8100C980D2 /* AstronautsListCoordinator.swift */ = {isa = PBXFileReference; fileEncoding = 4; lastKnownFileType = sourcecode.swift; path = AstronautsListCoordinator.swift; sourceTree = "<group>"; };
		F81FE3751E774AAC00C980D2 /* NautTrackerTests.xctest */ = {isa = PBXFileReference; explicitFileType = wrapper.cfbundle; includeInIndex = 0; path = NautTrackerTests.xctest; sourceTree = BUILT_PRODUCTS_DIR; };
		F81FE3791E774AAC00C980D2 /* Info.plist */ = {isa = PBXFileReference; lastKnownFileType = text.plist.xml; path = Info.plist; sourceTree = "<group>"; };
		F81FE3811E774AE000C980D2 /* AstronautsListCoordinatorTests.swift */ = {isa = PBXFileReference; fileEncoding = 4; lastKnownFileType = sourcecode.swift; path = AstronautsListCoordinatorTests.swift; sourceTree = "<group>"; };
		F81FE3831E774C8500C980D2 /* AppDelegateTests.swift */ = {isa = PBXFileReference; fileEncoding = 4; lastKnownFileType = sourcecode.swift; path = AppDelegateTests.swift; sourceTree = "<group>"; };
		F81FE3851E77511500C980D2 /* AstronautsInteractor.swift */ = {isa = PBXFileReference; fileEncoding = 4; lastKnownFileType = sourcecode.swift; path = AstronautsInteractor.swift; sourceTree = "<group>"; };
		F81FE3871E77512400C980D2 /* AstronautsPresenter.swift */ = {isa = PBXFileReference; fileEncoding = 4; lastKnownFileType = sourcecode.swift; path = AstronautsPresenter.swift; sourceTree = "<group>"; };
		F81FE3891E7752CF00C980D2 /* AstronautsListViewController.swift */ = {isa = PBXFileReference; fileEncoding = 4; lastKnownFileType = sourcecode.swift; path = AstronautsListViewController.swift; sourceTree = "<group>"; };
		F81FE38B1E77559800C980D2 /* AstronautsViewController.swift */ = {isa = PBXFileReference; fileEncoding = 4; lastKnownFileType = sourcecode.swift; path = AstronautsViewController.swift; sourceTree = "<group>"; };
/* End PBXFileReference section */

/* Begin PBXFrameworksBuildPhase section */
		F81FE3501E77457200C980D2 /* Frameworks */ = {
			isa = PBXFrameworksBuildPhase;
			buildActionMask = 2147483647;
			files = (
				F81FE3691E7748AA00C980D2 /* NautTrackerData.framework in Frameworks */,
			);
			runOnlyForDeploymentPostprocessing = 0;
		};
		F81FE3721E774AAC00C980D2 /* Frameworks */ = {
			isa = PBXFrameworksBuildPhase;
			buildActionMask = 2147483647;
			files = (
			);
			runOnlyForDeploymentPostprocessing = 0;
		};
/* End PBXFrameworksBuildPhase section */

/* Begin PBXGroup section */
		F81FE34A1E77457200C980D2 = {
			isa = PBXGroup;
			children = (
				F81FE3551E77457200C980D2 /* NautTrackeriOS */,
				F81FE3761E774AAC00C980D2 /* NautTrackerTests */,
				F81FE3541E77457200C980D2 /* Products */,
				F81FE36C1E7748B600C980D2 /* Frameworks */,
			);
			sourceTree = "<group>";
		};
		F81FE3541E77457200C980D2 /* Products */ = {
			isa = PBXGroup;
			children = (
				F81FE3531E77457200C980D2 /* NautTrackeriOS.app */,
				F81FE3751E774AAC00C980D2 /* NautTrackerTests.xctest */,
			);
			name = Products;
			sourceTree = "<group>";
		};
		F81FE3551E77457200C980D2 /* NautTrackeriOS */ = {
			isa = PBXGroup;
			children = (
				F81FE36D1E774A5500C980D2 /* Features */,
				F81FE3561E77457200C980D2 /* AppDelegate.swift */,
				F81FE35D1E77457200C980D2 /* Assets.xcassets */,
				F81FE35F1E77457200C980D2 /* LaunchScreen.storyboard */,
				F81FE3621E77457200C980D2 /* Info.plist */,
			);
			path = NautTrackeriOS;
			sourceTree = "<group>";
		};
		F81FE36C1E7748B600C980D2 /* Frameworks */ = {
			isa = PBXGroup;
			children = (
				F81FE3681E7748AA00C980D2 /* NautTrackerData.framework */,
			);
			name = Frameworks;
			sourceTree = "<group>";
		};
		F81FE36D1E774A5500C980D2 /* Features */ = {
			isa = PBXGroup;
			children = (
				F81FE36E1E774A5F00C980D2 /* AstronautsList */,
			);
			name = Features;
			sourceTree = "<group>";
		};
		F81FE36E1E774A5F00C980D2 /* AstronautsList */ = {
			isa = PBXGroup;
			children = (
				F81FE36F1E774A8100C980D2 /* AstronautsListCoordinator.swift */,
				F81FE3851E77511500C980D2 /* AstronautsInteractor.swift */,
				F81FE3871E77512400C980D2 /* AstronautsPresenter.swift */,
				F81FE38B1E77559800C980D2 /* AstronautsViewController.swift */,
				F81FE3891E7752CF00C980D2 /* AstronautsListViewController.swift */,
			);
			name = AstronautsList;
			sourceTree = "<group>";
		};
		F81FE3761E774AAC00C980D2 /* NautTrackerTests */ = {
			isa = PBXGroup;
			children = (
				F81FE37F1E774ABB00C980D2 /* Features */,
				F81FE3831E774C8500C980D2 /* AppDelegateTests.swift */,
				F81FE3791E774AAC00C980D2 /* Info.plist */,
			);
			path = NautTrackerTests;
			sourceTree = "<group>";
		};
		F81FE37F1E774ABB00C980D2 /* Features */ = {
			isa = PBXGroup;
			children = (
				F81FE3801E774AC300C980D2 /* AstronautsList */,
			);
			name = Features;
			sourceTree = "<group>";
		};
		F81FE3801E774AC300C980D2 /* AstronautsList */ = {
			isa = PBXGroup;
			children = (
				F81FE3811E774AE000C980D2 /* AstronautsListCoordinatorTests.swift */,
			);
			name = AstronautsList;
			sourceTree = "<group>";
		};
/* End PBXGroup section */

/* Begin PBXNativeTarget section */
		F81FE3521E77457200C980D2 /* NautTrackeriOS */ = {
			isa = PBXNativeTarget;
			buildConfigurationList = F81FE3651E77457200C980D2 /* Build configuration list for PBXNativeTarget "NautTrackeriOS" */;
			buildPhases = (
				F81FE34F1E77457200C980D2 /* Sources */,
				F81FE3501E77457200C980D2 /* Frameworks */,
				F81FE3511E77457200C980D2 /* Resources */,
				F81FE36B1E7748AA00C980D2 /* Embed Frameworks */,
			);
			buildRules = (
			);
			dependencies = (
			);
			name = NautTrackeriOS;
			productName = NautTrackeriOS;
			productReference = F81FE3531E77457200C980D2 /* NautTrackeriOS.app */;
			productType = "com.apple.product-type.application";
		};
		F81FE3741E774AAC00C980D2 /* NautTrackerTests */ = {
			isa = PBXNativeTarget;
			buildConfigurationList = F81FE37C1E774AAC00C980D2 /* Build configuration list for PBXNativeTarget "NautTrackerTests" */;
			buildPhases = (
				F81FE3711E774AAC00C980D2 /* Sources */,
				F81FE3721E774AAC00C980D2 /* Frameworks */,
				F81FE3731E774AAC00C980D2 /* Resources */,
			);
			buildRules = (
			);
			dependencies = (
				F81FE37B1E774AAC00C980D2 /* PBXTargetDependency */,
			);
			name = NautTrackerTests;
			productName = NautTrackerTests;
			productReference = F81FE3751E774AAC00C980D2 /* NautTrackerTests.xctest */;
			productType = "com.apple.product-type.bundle.unit-test";
		};
/* End PBXNativeTarget section */

/* Begin PBXProject section */
		F81FE34B1E77457200C980D2 /* Project object */ = {
			isa = PBXProject;
			attributes = {
				LastSwiftUpdateCheck = 0820;
				LastUpgradeCheck = 0820;
				ORGANIZATIONNAME = "Marcus Ramsden";
				TargetAttributes = {
					F81FE3521E77457200C980D2 = {
						CreatedOnToolsVersion = 8.2.1;
						DevelopmentTeam = 4ST5782T4K;
						ProvisioningStyle = Automatic;
					};
					F81FE3741E774AAC00C980D2 = {
						CreatedOnToolsVersion = 8.2.1;
						DevelopmentTeam = 4ST5782T4K;
						LastSwiftMigration = 0820;
						ProvisioningStyle = Automatic;
						TestTargetID = F81FE3521E77457200C980D2;
					};
				};
			};
			buildConfigurationList = F81FE34E1E77457200C980D2 /* Build configuration list for PBXProject "NautTrackeriOS" */;
			compatibilityVersion = "Xcode 3.2";
			developmentRegion = English;
			hasScannedForEncodings = 0;
			knownRegions = (
				en,
				Base,
			);
			mainGroup = F81FE34A1E77457200C980D2;
			productRefGroup = F81FE3541E77457200C980D2 /* Products */;
			projectDirPath = "";
			projectRoot = "";
			targets = (
				F81FE3521E77457200C980D2 /* NautTrackeriOS */,
				F81FE3741E774AAC00C980D2 /* NautTrackerTests */,
			);
		};
/* End PBXProject section */

/* Begin PBXResourcesBuildPhase section */
		F81FE3511E77457200C980D2 /* Resources */ = {
			isa = PBXResourcesBuildPhase;
			buildActionMask = 2147483647;
			files = (
				F81FE3611E77457200C980D2 /* LaunchScreen.storyboard in Resources */,
				F81FE35E1E77457200C980D2 /* Assets.xcassets in Resources */,
			);
			runOnlyForDeploymentPostprocessing = 0;
		};
		F81FE3731E774AAC00C980D2 /* Resources */ = {
			isa = PBXResourcesBuildPhase;
			buildActionMask = 2147483647;
			files = (
			);
			runOnlyForDeploymentPostprocessing = 0;
		};
/* End PBXResourcesBuildPhase section */

/* Begin PBXSourcesBuildPhase section */
		F81FE34F1E77457200C980D2 /* Sources */ = {
			isa = PBXSourcesBuildPhase;
			buildActionMask = 2147483647;
			files = (
				F81FE3881E77512400C980D2 /* AstronautsPresenter.swift in Sources */,
				F81FE38A1E7752CF00C980D2 /* AstronautsListViewController.swift in Sources */,
				F81FE38C1E77559800C980D2 /* AstronautsViewController.swift in Sources */,
				F81FE3861E77511500C980D2 /* AstronautsInteractor.swift in Sources */,
				F81FE3701E774A8100C980D2 /* AstronautsListCoordinator.swift in Sources */,
				F81FE3571E77457200C980D2 /* AppDelegate.swift in Sources */,
			);
			runOnlyForDeploymentPostprocessing = 0;
		};
		F81FE3711E774AAC00C980D2 /* Sources */ = {
			isa = PBXSourcesBuildPhase;
			buildActionMask = 2147483647;
			files = (
				F81FE3841E774C8500C980D2 /* AppDelegateTests.swift in Sources */,
				F81FE3821E774AE000C980D2 /* AstronautsListCoordinatorTests.swift in Sources */,
			);
			runOnlyForDeploymentPostprocessing = 0;
		};
/* End PBXSourcesBuildPhase section */

/* Begin PBXTargetDependency section */
		F81FE37B1E774AAC00C980D2 /* PBXTargetDependency */ = {
			isa = PBXTargetDependency;
			target = F81FE3521E77457200C980D2 /* NautTrackeriOS */;
			targetProxy = F81FE37A1E774AAC00C980D2 /* PBXContainerItemProxy */;
		};
/* End PBXTargetDependency section */

/* Begin PBXVariantGroup section */
		F81FE35F1E77457200C980D2 /* LaunchScreen.storyboard */ = {
			isa = PBXVariantGroup;
			children = (
				F81FE3601E77457200C980D2 /* Base */,
			);
			name = LaunchScreen.storyboard;
			sourceTree = "<group>";
		};
/* End PBXVariantGroup section */

/* Begin XCBuildConfiguration section */
		F81FE3631E77457200C980D2 /* Debug */ = {
			isa = XCBuildConfiguration;
			buildSettings = {
				ALWAYS_SEARCH_USER_PATHS = NO;
				CLANG_ANALYZER_NONNULL = YES;
				CLANG_CXX_LANGUAGE_STANDARD = "gnu++0x";
				CLANG_CXX_LIBRARY = "libc++";
				CLANG_ENABLE_MODULES = YES;
				CLANG_ENABLE_OBJC_ARC = YES;
				CLANG_WARN_BOOL_CONVERSION = YES;
				CLANG_WARN_CONSTANT_CONVERSION = YES;
				CLANG_WARN_DIRECT_OBJC_ISA_USAGE = YES_ERROR;
				CLANG_WARN_DOCUMENTATION_COMMENTS = YES;
				CLANG_WARN_EMPTY_BODY = YES;
				CLANG_WARN_ENUM_CONVERSION = YES;
				CLANG_WARN_INFINITE_RECURSION = YES;
				CLANG_WARN_INT_CONVERSION = YES;
				CLANG_WARN_OBJC_ROOT_CLASS = YES_ERROR;
				CLANG_WARN_SUSPICIOUS_MOVE = YES;
				CLANG_WARN_UNREACHABLE_CODE = YES;
				CLANG_WARN__DUPLICATE_METHOD_MATCH = YES;
				"CODE_SIGN_IDENTITY[sdk=iphoneos*]" = "iPhone Developer";
				COPY_PHASE_STRIP = NO;
				DEBUG_INFORMATION_FORMAT = dwarf;
				ENABLE_STRICT_OBJC_MSGSEND = YES;
				ENABLE_TESTABILITY = YES;
				GCC_C_LANGUAGE_STANDARD = gnu99;
				GCC_DYNAMIC_NO_PIC = NO;
				GCC_NO_COMMON_BLOCKS = YES;
				GCC_OPTIMIZATION_LEVEL = 0;
				GCC_PREPROCESSOR_DEFINITIONS = (
					"DEBUG=1",
					"$(inherited)",
				);
				GCC_WARN_64_TO_32_BIT_CONVERSION = YES;
				GCC_WARN_ABOUT_RETURN_TYPE = YES_ERROR;
				GCC_WARN_UNDECLARED_SELECTOR = YES;
				GCC_WARN_UNINITIALIZED_AUTOS = YES_AGGRESSIVE;
				GCC_WARN_UNUSED_FUNCTION = YES;
				GCC_WARN_UNUSED_VARIABLE = YES;
				IPHONEOS_DEPLOYMENT_TARGET = 10.2;
				MTL_ENABLE_DEBUG_INFO = YES;
				ONLY_ACTIVE_ARCH = YES;
				SDKROOT = iphoneos;
				SWIFT_ACTIVE_COMPILATION_CONDITIONS = DEBUG;
				SWIFT_OPTIMIZATION_LEVEL = "-Onone";
			};
			name = Debug;
		};
		F81FE3641E77457200C980D2 /* Release */ = {
			isa = XCBuildConfiguration;
			buildSettings = {
				ALWAYS_SEARCH_USER_PATHS = NO;
				CLANG_ANALYZER_NONNULL = YES;
				CLANG_CXX_LANGUAGE_STANDARD = "gnu++0x";
				CLANG_CXX_LIBRARY = "libc++";
				CLANG_ENABLE_MODULES = YES;
				CLANG_ENABLE_OBJC_ARC = YES;
				CLANG_WARN_BOOL_CONVERSION = YES;
				CLANG_WARN_CONSTANT_CONVERSION = YES;
				CLANG_WARN_DIRECT_OBJC_ISA_USAGE = YES_ERROR;
				CLANG_WARN_DOCUMENTATION_COMMENTS = YES;
				CLANG_WARN_EMPTY_BODY = YES;
				CLANG_WARN_ENUM_CONVERSION = YES;
				CLANG_WARN_INFINITE_RECURSION = YES;
				CLANG_WARN_INT_CONVERSION = YES;
				CLANG_WARN_OBJC_ROOT_CLASS = YES_ERROR;
				CLANG_WARN_SUSPICIOUS_MOVE = YES;
				CLANG_WARN_UNREACHABLE_CODE = YES;
				CLANG_WARN__DUPLICATE_METHOD_MATCH = YES;
				"CODE_SIGN_IDENTITY[sdk=iphoneos*]" = "iPhone Developer";
				COPY_PHASE_STRIP = NO;
				DEBUG_INFORMATION_FORMAT = "dwarf-with-dsym";
				ENABLE_NS_ASSERTIONS = NO;
				ENABLE_STRICT_OBJC_MSGSEND = YES;
				GCC_C_LANGUAGE_STANDARD = gnu99;
				GCC_NO_COMMON_BLOCKS = YES;
				GCC_WARN_64_TO_32_BIT_CONVERSION = YES;
				GCC_WARN_ABOUT_RETURN_TYPE = YES_ERROR;
				GCC_WARN_UNDECLARED_SELECTOR = YES;
				GCC_WARN_UNINITIALIZED_AUTOS = YES_AGGRESSIVE;
				GCC_WARN_UNUSED_FUNCTION = YES;
				GCC_WARN_UNUSED_VARIABLE = YES;
				IPHONEOS_DEPLOYMENT_TARGET = 10.2;
				MTL_ENABLE_DEBUG_INFO = NO;
				SDKROOT = iphoneos;
				SWIFT_OPTIMIZATION_LEVEL = "-Owholemodule";
				VALIDATE_PRODUCT = YES;
			};
			name = Release;
		};
		F81FE3661E77457200C980D2 /* Debug */ = {
			isa = XCBuildConfiguration;
			buildSettings = {
				ASSETCATALOG_COMPILER_APPICON_NAME = AppIcon;
				DEVELOPMENT_TEAM = 4ST5782T4K;
				INFOPLIST_FILE = NautTrackeriOS/Info.plist;
				LD_RUNPATH_SEARCH_PATHS = "$(inherited) @executable_path/Frameworks";
				PRODUCT_BUNDLE_IDENTIFIER = com.bitsden.ios.NautTracker;
				PRODUCT_NAME = "$(TARGET_NAME)";
				SWIFT_VERSION = 3.0;
			};
			name = Debug;
		};
		F81FE3671E77457200C980D2 /* Release */ = {
			isa = XCBuildConfiguration;
			buildSettings = {
				ASSETCATALOG_COMPILER_APPICON_NAME = AppIcon;
				DEVELOPMENT_TEAM = 4ST5782T4K;
				INFOPLIST_FILE = NautTrackeriOS/Info.plist;
				LD_RUNPATH_SEARCH_PATHS = "$(inherited) @executable_path/Frameworks";
				PRODUCT_BUNDLE_IDENTIFIER = com.bitsden.ios.NautTracker;
				PRODUCT_NAME = "$(TARGET_NAME)";
				SWIFT_VERSION = 3.0;
			};
			name = Release;
		};
		F81FE37D1E774AAC00C980D2 /* Debug */ = {
			isa = XCBuildConfiguration;
			buildSettings = {
				BUNDLE_LOADER = "$(TEST_HOST)";
				CLANG_ENABLE_MODULES = YES;
				DEVELOPMENT_TEAM = 4ST5782T4K;
				INFOPLIST_FILE = NautTrackerTests/Info.plist;
				LD_RUNPATH_SEARCH_PATHS = "$(inherited) @executable_path/Frameworks @loader_path/Frameworks";
				PRODUCT_BUNDLE_IDENTIFIER = com.bitsden.NautTrackerTests;
				PRODUCT_NAME = "$(TARGET_NAME)";
				SWIFT_OPTIMIZATION_LEVEL = "-Onone";
				SWIFT_VERSION = 3.0;
				TEST_HOST = "$(BUILT_PRODUCTS_DIR)/NautTrackeriOS.app/NautTrackeriOS";
			};
			name = Debug;
		};
		F81FE37E1E774AAC00C980D2 /* Release */ = {
			isa = XCBuildConfiguration;
			buildSettings = {
				BUNDLE_LOADER = "$(TEST_HOST)";
				CLANG_ENABLE_MODULES = YES;
				DEVELOPMENT_TEAM = 4ST5782T4K;
				INFOPLIST_FILE = NautTrackerTests/Info.plist;
				LD_RUNPATH_SEARCH_PATHS = "$(inherited) @executable_path/Frameworks @loader_path/Frameworks";
				PRODUCT_BUNDLE_IDENTIFIER = com.bitsden.NautTrackerTests;
				PRODUCT_NAME = "$(TARGET_NAME)";
				SWIFT_VERSION = 3.0;
				TEST_HOST = "$(BUILT_PRODUCTS_DIR)/NautTrackeriOS.app/NautTrackeriOS";
			};
			name = Release;
		};
/* End XCBuildConfiguration section */

/* Begin XCConfigurationList section */
		F81FE34E1E77457200C980D2 /* Build configuration list for PBXProject "NautTrackeriOS" */ = {
			isa = XCConfigurationList;
			buildConfigurations = (
				F81FE3631E77457200C980D2 /* Debug */,
				F81FE3641E77457200C980D2 /* Release */,
			);
			defaultConfigurationIsVisible = 0;
			defaultConfigurationName = Release;
		};
		F81FE3651E77457200C980D2 /* Build configuration list for PBXNativeTarget "NautTrackeriOS" */ = {
			isa = XCConfigurationList;
			buildConfigurations = (
				F81FE3661E77457200C980D2 /* Debug */,
				F81FE3671E77457200C980D2 /* Release */,
			);
			defaultConfigurationIsVisible = 0;
			defaultConfigurationName = Release;
		};
		F81FE37C1E774AAC00C980D2 /* Build configuration list for PBXNativeTarget "NautTrackerTests" */ = {
			isa = XCConfigurationList;
			buildConfigurations = (
				F81FE37D1E774AAC00C980D2 /* Debug */,
				F81FE37E1E774AAC00C980D2 /* Release */,
			);
			defaultConfigurationIsVisible = 0;
			defaultConfigurationName = Release;
		};
/* End XCConfigurationList section */
	};
	rootObject = F81FE34B1E77457200C980D2 /* Project object */;
}
